{
  "name": "server",
  "lockfileVersion": 3,
  "requires": true,
  "packages": {
    "": {
      "dependencies": {
        "@js-temporal/polyfill": "^0.5.1",
        "@peterseibel/bells": "^0.1.9"
      }
    },
    "node_modules/@js-temporal/polyfill": {
      "version": "0.5.1",
      "resolved": "https://registry.npmjs.org/@js-temporal/polyfill/-/polyfill-0.5.1.tgz",
      "integrity": "sha512-hloP58zRVCRSpgDxmqCWJNlizAlUgJFqG2ypq79DCvyv9tHjRYMDOcPFjzfl/A1/YxDvRCZz8wvZvmapQnKwFQ==",
      "license": "ISC",
      "dependencies": {
        "jsbi": "^4.3.0"
      },
      "engines": {
        "node": ">=12"
      }
    },
    "node_modules/@peterseibel/bells": {
      "version": "0.1.9",
      "resolved": "https://registry.npmjs.org/@peterseibel/bells/-/bells-0.1.9.tgz",
      "integrity": "sha512-PmD8jn9XkqEa1Ode6yNy3n23PYpp2CMgbb2vLsT2rUGJfrksn+nsz3nHQSYo0yHh04WmrRh7XPHMA9C0NICw9Q==",
      "dependencies": {
        "@peterseibel/bells": "^0.1.6"
      },
      "bin": {
        "bells-validate": "src/bin/validate.js"
      },
      "peerDependencies": {
        "@js-temporal/polyfill": ">=0.4"
      }
    },
    "node_modules/jsbi": {
      "version": "4.3.2",
      "resolved": "https://registry.npmjs.org/jsbi/-/jsbi-4.3.2.tgz",
      "integrity": "sha512-9fqMSQbhJykSeii05nxKl4m6Eqn2P6rOlYiS+C5Dr/HPIU/7yZxu5qzbs40tgaFORiw2Amd0mirjxatXYMkIew==",
      "license": "Apache-2.0"
    }
  }
}
